
Microsoft Visual Studio Solution File, Format Version 12.00
# Visual Studio Version 17
VisualStudioVersion = 17.5.002.0
MinimumVisualStudioVersion = 10.0.40219.1
Project("{2150E333-8FDC-42A3-9474-1A3956D46DE8}") = "contrib", "contrib", "{70FC23D2-9962-4845-874D-F90E771011C7}"
EndProject
Project("{9A19103F-16F7-4668-BE54-9A1E7A4F7556}") = "ldd_decoder", "contrib\ldd_decoder\ldd_decoder.csproj", "{BD6FE64E-4D98-4F0A-89EC-9150CDDD491F}"
EndProject
Global
	GlobalSection(SolutionConfigurationPlatforms) = preSolution
		Debug|Any CPU = Debug|Any CPU
		Release|Any CPU = Release|Any CPU
	EndGlobalSection
	GlobalSection(ProjectConfigurationPlatforms) = postSolution
		{BD6FE64E-4D98-4F0A-89EC-9150CDDD491F}.Debug|Any CPU.ActiveCfg = Debug|Any CPU
		{BD6FE64E-4D98-4F0A-89EC-9150CDDD491F}.Debug|Any CPU.Build.0 = Debug|Any CPU
		{BD6FE64E-4D98-4F0A-89EC-9150CDDD491F}.Release|Any CPU.ActiveCfg = Release|Any CPU
		{BD6FE64E-4D98-4F0A-89EC-9150CDDD491F}.Release|Any CPU.Build.0 = Release|Any CPU
	EndGlobalSection
	GlobalSection(SolutionProperties) = preSolution
		HideSolutionNode = FALSE
	EndGlobalSection
	GlobalSection(NestedProjects) = preSolution
		{BD6FE64E-4D98-4F0A-89EC-9150CDDD491F} = {70FC23D2-9962-4845-874D-F90E771011C7}
	EndGlobalSection
	GlobalSection(ExtensibilityGlobals) = postSolution
		SolutionGuid = {46158DB1-4690-431F-A629-082E5E215D88}
	EndGlobalSection
EndGlobal
